
Microsoft Visual Studio Solution File, Format Version 12.00
# Visual Studio Version 16
VisualStudioVersion = 16.0.30517.126
MinimumVisualStudioVersion = 10.0.40219.1
Project("{FAE04EC0-301F-11D3-BF4B-00C04F79EFBC}") = "WA_TestGitHub_Prati", "WA_TestGitHub_Prati.csproj", "{9D2DB61E-7F90-43E4-BA38-CF5CBD49DE7F}"
EndProject
Global
	GlobalSection(SolutionConfigurationPlatforms) = preSolution
		Debug|Any CPU = Debug|Any CPU
		Release|Any CPU = Release|Any CPU
	EndGlobalSection
	GlobalSection(ProjectConfigurationPlatforms) = postSolution
		{9D2DB61E-7F90-43E4-BA38-CF5CBD49DE7F}.Debug|Any CPU.ActiveCfg = Debug|Any CPU
		{9D2DB61E-7F90-43E4-BA38-CF5CBD49DE7F}.Debug|Any CPU.Build.0 = Debug|Any CPU
		{9D2DB61E-7F90-43E4-BA38-CF5CBD49DE7F}.Release|Any CPU.ActiveCfg = Release|Any CPU
		{9D2DB61E-7F90-43E4-BA38-CF5CBD49DE7F}.Release|Any CPU.Build.0 = Release|Any CPU
	EndGlobalSection
	GlobalSection(SolutionProperties) = preSolution
		HideSolutionNode = FALSE
	EndGlobalSection
	GlobalSection(ExtensibilityGlobals) = postSolution
		SolutionGuid = {D947254A-71FA-44F4-BE08-6D66E7564869}
	EndGlobalSection
EndGlobal
